{
	"name": "EHDownloader-NW.js",
	"version": "0.1.0",
	"lockfileVersion": 1,
	"dependencies": {
		"agent-base": {
			"version": "2.1.1",
			"resolved": "http://registry.npm.taobao.org/agent-base/download/agent-base-2.1.1.tgz",
			"integrity": "sha1-1t4Q1a9hMtW9aSQn1G/FOFOQlMc="
		},
		"amdefine": {
			"version": "1.0.1",
			"resolved": "http://registry.npm.taobao.org/amdefine/download/amdefine-1.0.1.tgz",
			"integrity": "sha1-SlKCrBZHKek2Gbz9OtFR+BfOkfU=",
			"optional": true
		},
		"ast-types": {
			"version": "0.9.12",
			"resolved": "http://registry.npm.taobao.org/ast-types/download/ast-types-0.9.12.tgz",
			"integrity": "sha1-sTYwDWcCZiWuFTJpgsqZGOXbc8k="
		},
		"bytes": {
			"version": "2.4.0",
			"resolved": "http://registry.npm.taobao.org/bytes/download/bytes-2.4.0.tgz",
			"integrity": "sha1-fZcZb51br39pNeJZhVSe3SpsIzk="
		},
		"co": {
			"version": "4.6.0",
			"resolved": "http://registry.npm.taobao.org/co/download/co-4.6.0.tgz",
			"integrity": "sha1-bqa989hTrlTMuOR7+gvz+QMfsYQ="
		},
		"core-util-is": {
			"version": "1.0.2",
			"resolved": "http://registry.npm.taobao.org/core-util-is/download/core-util-is-1.0.2.tgz",
			"integrity": "sha1-tf1UIgqivFq1eqtxQMlAdUUDwac="
		},
		"data-uri-to-buffer": {
			"version": "1.2.0",
			"resolved": "http://registry.npm.taobao.org/data-uri-to-buffer/download/data-uri-to-buffer-1.2.0.tgz",
			"integrity": "sha1-dxY+qcINhkG0cH6PGKvfmnjzSDU="
		},
		"debug": {
			"version": "2.6.8",
			"resolved": "http://registry.npm.taobao.org/debug/download/debug-2.6.8.tgz",
			"integrity": "sha1-5zFTHKLt4n0YgiJCfaF4IdaP9Pw="
		},
		"deep-is": {
			"version": "0.1.3",
			"resolved": "http://registry.npm.taobao.org/deep-is/download/deep-is-0.1.3.tgz",
			"integrity": "sha1-s2nW+128E+7PUk+RsHD+7cNXzzQ="
		},
		"degenerator": {
			"version": "1.0.4",
			"resolved": "http://registry.npm.taobao.org/degenerator/download/degenerator-1.0.4.tgz",
			"integrity": "sha1-/PSQo37OJmRk2cxDGrmMWBnO0JU="
		},
		"es6-promise": {
			"version": "4.1.1",
			"resolved": "http://registry.npm.taobao.org/es6-promise/download/es6-promise-4.1.1.tgz",
			"integrity": "sha1-iBHpCRXZoNujYnTwskLb2nj5ySo="
		},
		"es6-promisify": {
			"version": "5.0.0",
			"resolved": "http://registry.npm.taobao.org/es6-promisify/download/es6-promisify-5.0.0.tgz",
			"integrity": "sha1-UQnWLz5W6pZ8S2NQWu8IKRyKUgM="
		},
		"escodegen": {
			"version": "1.8.1",
			"resolved": "http://registry.npm.taobao.org/escodegen/download/escodegen-1.8.1.tgz",
			"integrity": "sha1-WltTr0aTEQvrsIZ6o0MN07cKEBg=",
			"dependencies": {
				"esprima": {
					"version": "2.7.3",
					"resolved": "http://registry.npm.taobao.org/esprima/download/esprima-2.7.3.tgz",
					"integrity": "sha1-luO3DVd59q1JzQMmc9HDEnZ7pYE="
				}
			}
		},
		"esprima": {
			"version": "3.1.3",
			"resolved": "http://registry.npm.taobao.org/esprima/download/esprima-3.1.3.tgz",
			"integrity": "sha1-/cpRzuYTOJXjyI1TXOSdv/YqRjM="
		},
		"estraverse": {
			"version": "1.9.3",
			"resolved": "http://registry.npm.taobao.org/estraverse/download/estraverse-1.9.3.tgz",
			"integrity": "sha1-r2fy3JIlgkFZUJJgkaQAXSnJu0Q="
		},
		"esutils": {
			"version": "2.0.2",
			"resolved": "http://registry.npm.taobao.org/esutils/download/esutils-2.0.2.tgz",
			"integrity": "sha1-Cr9PHKpbyx96nYrMbepPqqBLrJs="
		},
		"extend": {
			"version": "3.0.1",
			"resolved": "http://registry.npm.taobao.org/extend/download/extend-3.0.1.tgz",
			"integrity": "sha1-p1Xqe8Gt/MWjHOfnYtuq3F5jZEQ="
		},
		"fast-levenshtein": {
			"version": "2.0.6",
			"resolved": "http://registry.npm.taobao.org/fast-levenshtein/download/fast-levenshtein-2.0.6.tgz",
			"integrity": "sha1-PYpcZog6FqMMqGQ+hR8Zuqd5eRc="
		},
		"file-uri-to-path": {
			"version": "1.0.0",
			"resolved": "http://registry.npm.taobao.org/file-uri-to-path/download/file-uri-to-path-1.0.0.tgz",
			"integrity": "sha1-VTp7hEb/b2hDWcRF8eN6BdrMM90="
		},
		"ftp": {
			"version": "0.3.10",
			"resolved": "http://registry.npm.taobao.org/ftp/download/ftp-0.3.10.tgz",
			"integrity": "sha1-kZfYYa2BQvPmPVqDv+TFn3MwiF0=",
			"dependencies": {
				"readable-stream": {
					"version": "1.1.14",
					"resolved": "http://registry.npm.taobao.org/readable-stream/download/readable-stream-1.1.14.tgz",
					"integrity": "sha1-fPTFTvZI44EwhMY23SB54WbAgdk="
				}
			}
		},
		"get-uri": {
			"version": "2.0.1",
			"resolved": "http://registry.npm.taobao.org/get-uri/download/get-uri-2.0.1.tgz",
			"integrity": "sha1-29ysrNjGCKODFoaTaBF2l6FjHFk="
		},
		"http-proxy-agent": {
			"version": "1.0.0",
			"resolved": "http://registry.npm.taobao.org/http-proxy-agent/download/http-proxy-agent-1.0.0.tgz",
			"integrity": "sha1-zBzjjkU7+YSg93AtLdWcc9CBKEo="
		},
		"https-proxy-agent": {
			"version": "1.0.0",
			"resolved": "http://registry.npm.taobao.org/https-proxy-agent/download/https-proxy-agent-1.0.0.tgz",
			"integrity": "sha1-NffabEjOTdv6JkiRrFk+5f+GceY="
		},
		"iconv-lite": {
			"version": "0.4.15",
			"resolved": "http://registry.npm.taobao.org/iconv-lite/download/iconv-lite-0.4.15.tgz",
			"integrity": "sha1-/iZaIYrGpXz+hUkn6dBMGYJe3es="
		},
		"inherits": {
			"version": "2.0.3",
			"resolved": "http://registry.npm.taobao.org/inherits/download/inherits-2.0.3.tgz",
			"integrity": "sha1-Yzwsg+PaQqUC9SRmAiSA9CCCYd4="
		},
		"ip": {
			"version": "1.1.5",
			"resolved": "http://registry.npm.taobao.org/ip/download/ip-1.1.5.tgz",
			"integrity": "sha1-vd7XARQpCCjAoDnnLvJfWq7ENUo="
		},
		"isarray": {
			"version": "0.0.1",
			"resolved": "http://registry.npm.taobao.org/isarray/download/isarray-0.0.1.tgz",
			"integrity": "sha1-ihis/Kmo9Bd+Cav8YDiTmwXR7t8="
		},
		"levn": {
			"version": "0.3.0",
			"resolved": "http://registry.npm.taobao.org/levn/download/levn-0.3.0.tgz",
			"integrity": "sha1-OwmSTt+fCDwEkP3UwLxEIeBHZO4="
		},
		"lru-cache": {
			"version": "2.6.5",
			"resolved": "http://registry.npm.taobao.org/lru-cache/download/lru-cache-2.6.5.tgz",
			"integrity": "sha1-5W1jVBSO3o13B7WNFDIg/QjfD9U="
		},
		"ms": {
			"version": "2.0.0",
			"resolved": "http://registry.npm.taobao.org/ms/download/ms-2.0.0.tgz",
			"integrity": "sha1-VgiurfwAvmwpAd9fmGF4jeDVl8g="
		},
		"netmask": {
			"version": "1.0.6",
			"resolved": "http://registry.npm.taobao.org/netmask/download/netmask-1.0.6.tgz",
			"integrity": "sha1-ICl+idhvb2QA8lDZ9Pa0wZRfzTU="
		},
		"optionator": {
			"version": "0.8.2",
			"resolved": "http://registry.npm.taobao.org/optionator/download/optionator-0.8.2.tgz",
			"integrity": "sha1-NkxeQJ0/TWMB1sC0wFu6UBgK62Q="
		},
		"pac-proxy-agent": {
			"version": "2.0.0",
			"resolved": "http://registry.npm.taobao.org/pac-proxy-agent/download/pac-proxy-agent-2.0.0.tgz",
			"integrity": "sha1-vrF80rBqILN51X4bLiwpvg3+X5o=",
			"dependencies": {
				"socks-proxy-agent": {
					"version": "3.0.0",
					"resolved": "http://registry.npm.taobao.org/socks-proxy-agent/download/socks-proxy-agent-3.0.0.tgz",
					"integrity": "sha1-6iMIXNK96U0ISmJEjzETnKftYkU=",
					"dependencies": {
						"agent-base": {
							"version": "4.1.1",
							"resolved": "http://registry.npm.taobao.org/agent-base/download/agent-base-4.1.1.tgz",
							"integrity": "sha1-ktik/CUko7CbNmajO2yXlg8j1qQ="
						}
					}
				}
			}
		},
		"pac-resolver": {
			"version": "3.0.0",
			"resolved": "http://registry.npm.taobao.org/pac-resolver/download/pac-resolver-3.0.0.tgz",
			"integrity": "sha1-auoweH2wqJFwTet4AKcip2FabyY="
		},
		"prelude-ls": {
			"version": "1.1.2",
			"resolved": "http://registry.npm.taobao.org/prelude-ls/download/prelude-ls-1.1.2.tgz",
			"integrity": "sha1-IZMqVJ9eUv/ZqCf1cOBL5iqX2lQ="
		},
		"process-nextick-args": {
			"version": "1.0.7",
			"resolved": "http://registry.npm.taobao.org/process-nextick-args/download/process-nextick-args-1.0.7.tgz",
			"integrity": "sha1-FQ4gt1ZZCtP5EJPyWk8q2L/zC6M="
		},
		"proxy-agent": {
			"version": "2.1.0",
			"resolved": "http://registry.npm.taobao.org/proxy-agent/download/proxy-agent-2.1.0.tgz",
			"integrity": "sha1-o6Kzhm3r/rebt5HzRdybyHbn/4Y="
		},
		"raw-body": {
			"version": "2.2.0",
			"resolved": "http://registry.npm.taobao.org/raw-body/download/raw-body-2.2.0.tgz",
			"integrity": "sha1-mUl2z2pQlqQRYoQEkvC9xdbn+5Y="
		},
		"readable-stream": {
			"version": "2.3.3",
			"resolved": "http://registry.npm.taobao.org/readable-stream/download/readable-stream-2.3.3.tgz",
			"integrity": "sha1-No8lEtefnUb9/HE0mueHi7weuVw=",
			"dependencies": {
				"isarray": {
					"version": "1.0.0",
					"resolved": "http://registry.npm.taobao.org/isarray/download/isarray-1.0.0.tgz",
					"integrity": "sha1-u5NdSFgsuhaMBoNJV6VKPgcSTxE="
				},
				"string_decoder": {
					"version": "1.0.3",
					"resolved": "http://registry.npm.taobao.org/string_decoder/download/string_decoder-1.0.3.tgz",
					"integrity": "sha1-D8Z9fBQYJd6UKC3VNr7GubzoYKs="
				}
			}
		},
		"safe-buffer": {
			"version": "5.1.1",
			"resolved": "http://registry.npm.taobao.org/safe-buffer/download/safe-buffer-5.1.1.tgz",
			"integrity": "sha1-iTMSr2myEj3vcfV4iQAWce6yyFM="
		},
		"semver": {
			"version": "5.0.3",
			"resolved": "http://registry.npm.taobao.org/semver/download/semver-5.0.3.tgz",
			"integrity": "sha1-d0Zt5YnNXTyV8TiqeLxWmjy10no="
		},
		"smart-buffer": {
			"version": "1.1.15",
			"resolved": "http://registry.npm.taobao.org/smart-buffer/download/smart-buffer-1.1.15.tgz",
			"integrity": "sha1-fxFLW2X6s+KjWqd1uxLw0cZJvxY="
		},
		"socks": {
			"version": "1.1.10",
			"resolved": "http://registry.npm.taobao.org/socks/download/socks-1.1.10.tgz",
			"integrity": "sha1-W4t/x8jzQcU+0FbpKbe/Tei6e1o="
		},
		"socks-proxy-agent": {
			"version": "2.1.1",
			"resolved": "http://registry.npm.taobao.org/socks-proxy-agent/download/socks-proxy-agent-2.1.1.tgz",
			"integrity": "sha1-huuwcZMlhjeHDhO3vZnybGY989M="
		},
		"source-map": {
			"version": "0.2.0",
			"resolved": "http://registry.npm.taobao.org/source-map/download/source-map-0.2.0.tgz",
			"integrity": "sha1-2rc/vPwrqBm03gO9b26qSBZLP50=",
			"optional": true
		},
		"string_decoder": {
			"version": "0.10.31",
			"resolved": "http://registry.npm.taobao.org/string_decoder/download/string_decoder-0.10.31.tgz",
			"integrity": "sha1-YuIDvEF2bGwoyfyEMB2rHFMQ+pQ="
		},
		"thunkify": {
			"version": "2.1.2",
			"resolved": "http://registry.npm.taobao.org/thunkify/download/thunkify-2.1.2.tgz",
			"integrity": "sha1-+qDp0jDFGsyVyhOjYawFyn4EVT0="
		},
		"type-check": {
			"version": "0.3.2",
			"resolved": "http://registry.npm.taobao.org/type-check/download/type-check-0.3.2.tgz",
			"integrity": "sha1-WITKtRLPHTVeP7eE8wgEsrUg23I="
		},
		"unpipe": {
			"version": "1.0.0",
			"resolved": "http://registry.npm.taobao.org/unpipe/download/unpipe-1.0.0.tgz",
			"integrity": "sha1-sr9O6FFKrmFltIF4KdIbLvSZBOw="
		},
		"util-deprecate": {
			"version": "1.0.2",
			"resolved": "http://registry.npm.taobao.org/util-deprecate/download/util-deprecate-1.0.2.tgz",
			"integrity": "sha1-RQ1Nyfpw3nMnYvvS1KKJgUGaDM8="
		},
		"wordwrap": {
			"version": "1.0.0",
			"resolved": "http://registry.npm.taobao.org/wordwrap/download/wordwrap-1.0.0.tgz",
			"integrity": "sha1-J1hIEIkUVqQXHI0CJkQa3pDLyus="
		},
		"xregexp": {
			"version": "2.0.0",
			"resolved": "http://registry.npm.taobao.org/xregexp/download/xregexp-2.0.0.tgz",
			"integrity": "sha1-UqY+VsoLhKfzpfPWGHLxJq16WUM="
		}
	}
}
